
Microsoft Visual Studio Solution File, Format Version 11.00
# Visual C# Express 2010
Project("{FAE04EC0-301F-11D3-BF4B-00C04F79EFBC}") = "Test", "Test.csproj", "{29053B81-497E-4E22-8745-559DF8C0F400}"
EndProject
Project("{FAE04EC0-301F-11D3-BF4B-00C04F79EFBC}") = "dotNet", "..\dotNet\dotNet.csproj", "{47C3A236-7ACF-47F5-A85F-B8067E6B850D}"
EndProject
Global
	GlobalSection(SolutionConfigurationPlatforms) = preSolution
		Debug|Any CPU = Debug|Any CPU
		Release|Any CPU = Release|Any CPU
	EndGlobalSection
	GlobalSection(ProjectConfigurationPlatforms) = postSolution
		{29053B81-497E-4E22-8745-559DF8C0F400}.Debug|Any CPU.ActiveCfg = Debug|x86
		{29053B81-497E-4E22-8745-559DF8C0F400}.Debug|Any CPU.Build.0 = Debug|x86
		{29053B81-497E-4E22-8745-559DF8C0F400}.Release|Any CPU.ActiveCfg = Release|Any CPU
		{29053B81-497E-4E22-8745-559DF8C0F400}.Release|Any CPU.Build.0 = Release|Any CPU
		{47C3A236-7ACF-47F5-A85F-B8067E6B850D}.Debug|Any CPU.ActiveCfg = Debug|Any CPU
		{47C3A236-7ACF-47F5-A85F-B8067E6B850D}.Debug|Any CPU.Build.0 = Debug|Any CPU
		{47C3A236-7ACF-47F5-A85F-B8067E6B850D}.Release|Any CPU.ActiveCfg = Release|Any CPU
		{47C3A236-7ACF-47F5-A85F-B8067E6B850D}.Release|Any CPU.Build.0 = Release|Any CPU
	EndGlobalSection
	GlobalSection(SolutionProperties) = preSolution
		HideSolutionNode = FALSE
	EndGlobalSection
EndGlobal
